{
  "name": "@bdsx/pomoc-bdsx",
  "version": "1.0.0",
  "lockfileVersion": 2,
  "requires": true,
  "packages": {
    "": {
      "name": "@bdsx/pomoc-bdsx",
      "version": "1.0.0",
      "license": "ISC",
      "devDependencies": {
        "bdsx": "file:../bdsx"
      }
    },
    "../bdsx": {
      "dev": true
    },
    "node_modules/bdsx": {
      "resolved": "../bdsx",
      "link": true
    }
  },
  "dependencies": {
    "bdsx": {
      "version": "file:../bdsx"
    }
  }
}
